
Microsoft Visual Studio Solution File, Format Version 12.00
# Visual Studio Version 17
VisualStudioVersion = 17.10.34916.146
MinimumVisualStudioVersion = 10.0.40219.1
Project("{FAE04EC0-301F-11D3-BF4B-00C04F79EFBC}") = "RiziBizi", "RiziBizi\RiziBizi.csproj", "{F25AC05A-C095-4591-AEEC-321031098E3B}"
EndProject
Global
	GlobalSection(SolutionConfigurationPlatforms) = preSolution
		Debug|Any CPU = Debug|Any CPU
		Release|Any CPU = Release|Any CPU
	EndGlobalSection
	GlobalSection(ProjectConfigurationPlatforms) = postSolution
		{F25AC05A-C095-4591-AEEC-321031098E3B}.Debug|Any CPU.ActiveCfg = Debug|Any CPU
		{F25AC05A-C095-4591-AEEC-321031098E3B}.Debug|Any CPU.Build.0 = Debug|Any CPU
		{F25AC05A-C095-4591-AEEC-321031098E3B}.Release|Any CPU.ActiveCfg = Release|Any CPU
		{F25AC05A-C095-4591-AEEC-321031098E3B}.Release|Any CPU.Build.0 = Release|Any CPU
	EndGlobalSection
	GlobalSection(SolutionProperties) = preSolution
		HideSolutionNode = FALSE
	EndGlobalSection
	GlobalSection(ExtensibilityGlobals) = postSolution
		SolutionGuid = {3557A3AF-4480-4E14-9FDE-7E6EEEBF0288}
	EndGlobalSection
EndGlobal
